
Microsoft Visual Studio Solution File, Format Version 12.00
# Visual Studio 2017
Project("{FAE04EC0-301F-11D3-BF4B-00C04F79EFBC}") = "VRaid", "VRaid.csproj", "{8DD1D132-DC0E-4523-75FB-787339E61C9C}"
EndProject
Project("{FAE04EC0-301F-11D3-BF4B-00C04F79EFBC}") = "VRaid.Editor", "VRaid.Editor.csproj", "{62E6E9A3-3572-A977-03DE-10D25C037D9A}"
EndProject
Global
	GlobalSection(SolutionConfigurationPlatforms) = preSolution
		Debug|Any CPU = Debug|Any CPU
		Release|Any CPU = Release|Any CPU
	EndGlobalSection
	GlobalSection(ProjectConfigurationPlatforms) = postSolution
		{8DD1D132-DC0E-4523-75FB-787339E61C9C}.Debug|Any CPU.ActiveCfg = Debug|Any CPU
		{8DD1D132-DC0E-4523-75FB-787339E61C9C}.Debug|Any CPU.Build.0 = Debug|Any CPU
		{8DD1D132-DC0E-4523-75FB-787339E61C9C}.Release|Any CPU.ActiveCfg = Release|Any CPU
		{8DD1D132-DC0E-4523-75FB-787339E61C9C}.Release|Any CPU.Build.0 = Release|Any CPU
		{62E6E9A3-3572-A977-03DE-10D25C037D9A}.Debug|Any CPU.ActiveCfg = Debug|Any CPU
		{62E6E9A3-3572-A977-03DE-10D25C037D9A}.Debug|Any CPU.Build.0 = Debug|Any CPU
		{62E6E9A3-3572-A977-03DE-10D25C037D9A}.Release|Any CPU.ActiveCfg = Release|Any CPU
		{62E6E9A3-3572-A977-03DE-10D25C037D9A}.Release|Any CPU.Build.0 = Release|Any CPU
	EndGlobalSection
	GlobalSection(SolutionProperties) = preSolution
		HideSolutionNode = FALSE
	EndGlobalSection
EndGlobal
